
Microsoft Visual Studio Solution File, Format Version 12.00
# Visual Studio 2013
VisualStudioVersion = 12.0.40629.0
MinimumVisualStudioVersion = 10.0.40219.1
Project("{FAE04EC0-301F-11D3-BF4B-00C04F79EFBC}") = "Proca3", "Proca3\Proca3.csproj", "{371C7F0D-2EB2-4A71-9328-A74E3AF4DAF8}"
	ProjectSection(ProjectDependencies) = postProject
		{F62AB602-1C5D-4B9B-8EAB-5E689F00507F} = {F62AB602-1C5D-4B9B-8EAB-5E689F00507F}
		{B77A5521-7FEF-4D76-9CED-E84F82894A8A} = {B77A5521-7FEF-4D76-9CED-E84F82894A8A}
		{D17D204B-8A88-47CA-A611-169B9D3139C1} = {D17D204B-8A88-47CA-A611-169B9D3139C1}
		{1D806E58-A600-49DC-9D31-E49BE52FB371} = {1D806E58-A600-49DC-9D31-E49BE52FB371}
		{A03F7363-E313-4572-A6CB-4C2A6B0A1A70} = {A03F7363-E313-4572-A6CB-4C2A6B0A1A70}
		{C4F37680-5F81-482B-A902-27568EE9CDD3} = {C4F37680-5F81-482B-A902-27568EE9CDD3}
		{23D9FE80-DCD8-44DE-81B4-C5DC3BE08EB9} = {23D9FE80-DCD8-44DE-81B4-C5DC3BE08EB9}
		{7DF8CBCB-7C38-4694-A0DD-6BC7DC245BB1} = {7DF8CBCB-7C38-4694-A0DD-6BC7DC245BB1}
		{14ED41CE-083D-41AA-BF59-5759BF9E459A} = {14ED41CE-083D-41AA-BF59-5759BF9E459A}
		{F8E31AEB-879D-4FE7-B9C8-9FEB2DFD8C54} = {F8E31AEB-879D-4FE7-B9C8-9FEB2DFD8C54}
		{D84968F2-96A7-4E7D-B2BC-62BE07CF7DC1} = {D84968F2-96A7-4E7D-B2BC-62BE07CF7DC1}
	EndProjectSection
EndProject
Project("{FAE04EC0-301F-11D3-BF4B-00C04F79EFBC}") = "Subsystem.Interface", "Subsystem.Interface\Subsystem.Interface.csproj", "{07F28979-103B-4566-9581-B5BBC86724B3}"
EndProject
Project("{FAE04EC0-301F-11D3-BF4B-00C04F79EFBC}") = "Recoder", "Recoder\Recoder.csproj", "{C4F37680-5F81-482B-A902-27568EE9CDD3}"
EndProject
Project("{FAE04EC0-301F-11D3-BF4B-00C04F79EFBC}") = "SNode", "SNode\SNode.csproj", "{14ED41CE-083D-41AA-BF59-5759BF9E459A}"
	ProjectSection(ProjectDependencies) = postProject
		{F62AB602-1C5D-4B9B-8EAB-5E689F00507F} = {F62AB602-1C5D-4B9B-8EAB-5E689F00507F}
		{43C7068D-F9C0-4A1E-8C28-94C370CC72E7} = {43C7068D-F9C0-4A1E-8C28-94C370CC72E7}
		{34261ADF-653F-4C4C-A024-9FFC5A63B573} = {34261ADF-653F-4C4C-A024-9FFC5A63B573}
	EndProjectSection
EndProject
Project("{FAE04EC0-301F-11D3-BF4B-00C04F79EFBC}") = "Subsystem", "Subsystem\Subsystem.csproj", "{43C7068D-F9C0-4A1E-8C28-94C370CC72E7}"
EndProject
Project("{FAE04EC0-301F-11D3-BF4B-00C04F79EFBC}") = "RepositoryAccess", "RepositoryAccess\RepositoryAccess.csproj", "{1D806E58-A600-49DC-9D31-E49BE52FB371}"
EndProject
Project("{FAE04EC0-301F-11D3-BF4B-00C04F79EFBC}") = "RepApi", "RepApi\RepApi.csproj", "{D84968F2-96A7-4E7D-B2BC-62BE07CF7DC1}"
	ProjectSection(ProjectDependencies) = postProject
		{650F5489-269A-423F-AAFB-EBA2F3051709} = {650F5489-269A-423F-AAFB-EBA2F3051709}
	EndProjectSection
EndProject
Project("{00D1A9C2-B5F0-4AF3-8072-F6C62B433612}") = "RepDB", "RepDB\RepDB.sqlproj", "{7DF8CBCB-7C38-4694-A0DD-6BC7DC245BB1}"
EndProject
Project("{00D1A9C2-B5F0-4AF3-8072-F6C62B433612}") = "MaterialFormatDB", "MaterialFormatDB\MaterialFormatDB.sqlproj", "{23D9FE80-DCD8-44DE-81B4-C5DC3BE08EB9}"
EndProject
Project("{2150E333-8FDC-42A3-9474-1A3956D46DE8}") = "Subsystems", "Subsystems", "{0FB840C7-6B40-428C-B510-E0A71A1A2A77}"
EndProject
Project("{2150E333-8FDC-42A3-9474-1A3956D46DE8}") = "Services", "Services", "{69F3FC4F-33EF-41B8-8DD4-544028A2C137}"
EndProject
Project("{2150E333-8FDC-42A3-9474-1A3956D46DE8}") = "Databases", "Databases", "{863269B3-11C7-4B52-988E-D28CFCEA089A}"
EndProject
Project("{FAE04EC0-301F-11D3-BF4B-00C04F79EFBC}") = "Recoder.Interface", "Recoder.Interface\Recoder.Interface.csproj", "{D17D204B-8A88-47CA-A611-169B9D3139C1}"
EndProject
Project("{FAE04EC0-301F-11D3-BF4B-00C04F79EFBC}") = "Manager.Interface", "Manager.Interface\Manager.Interface.csproj", "{A03F7363-E313-4572-A6CB-4C2A6B0A1A70}"
EndProject
Project("{FAE04EC0-301F-11D3-BF4B-00C04F79EFBC}") = "Manager", "Manager\Manager.csproj", "{B77A5521-7FEF-4D76-9CED-E84F82894A8A}"
EndProject
Project("{2150E333-8FDC-42A3-9474-1A3956D46DE8}") = "Core", "Core", "{7F04E283-0C43-4342-9751-C7ED1078DDD2}"
EndProject
Project("{FAE04EC0-301F-11D3-BF4B-00C04F79EFBC}") = "SNode.Interface", "SNode.Interface\SNode.Interface.csproj", "{F8E31AEB-879D-4FE7-B9C8-9FEB2DFD8C54}"
EndProject
Project("{FAE04EC0-301F-11D3-BF4B-00C04F79EFBC}") = "RepDBAccess", "RepDBAccess\RepDBAccess.csproj", "{650F5489-269A-423F-AAFB-EBA2F3051709}"
	ProjectSection(ProjectDependencies) = postProject
		{F62AB602-1C5D-4B9B-8EAB-5E689F00507F} = {F62AB602-1C5D-4B9B-8EAB-5E689F00507F}
		{34261ADF-653F-4C4C-A024-9FFC5A63B573} = {34261ADF-653F-4C4C-A024-9FFC5A63B573}
	EndProjectSection
EndProject
Project("{FAE04EC0-301F-11D3-BF4B-00C04F79EFBC}") = "BaseDBAccess", "BaseDBAccess\BaseDBAccess.csproj", "{34261ADF-653F-4C4C-A024-9FFC5A63B573}"
EndProject
Project("{FAE04EC0-301F-11D3-BF4B-00C04F79EFBC}") = "RepDBAccessTests", "RepDBAccessTests\RepDBAccessTests.csproj", "{DDF826D3-EF49-4553-AE0D-C0F3E67FB812}"
EndProject
Project("{FAE04EC0-301F-11D3-BF4B-00C04F79EFBC}") = "DBTester", "DBTester\DBTester.csproj", "{95CCE7B9-8A7D-4668-B243-7A48B3013D8C}"
EndProject
Project("{FAE04EC0-301F-11D3-BF4B-00C04F79EFBC}") = "MaterialFormatDBAccess", "MaterialFormatDBAccess\MaterialFormatDBAccess.csproj", "{6003BD52-430E-473B-824C-DFC4F9D3D0FD}"
EndProject
Project("{FAE04EC0-301F-11D3-BF4B-00C04F79EFBC}") = "TaskQueue", "TaskQueue\TaskQueue.csproj", "{32209FFE-D050-41F0-BB3C-3A5BB56D341F}"
EndProject
Project("{FAE04EC0-301F-11D3-BF4B-00C04F79EFBC}") = "Common", "Common\Common.csproj", "{F62AB602-1C5D-4B9B-8EAB-5E689F00507F}"
EndProject
Project("{FAE04EC0-301F-11D3-BF4B-00C04F79EFBC}") = "PSNC.Util", "PSNC.Util\PSNC.Util.csproj", "{85CDE1B1-3601-4FE8-BCF0-BB3F5037C385}"
EndProject
Project("{2150E333-8FDC-42A3-9474-1A3956D46DE8}") = "MediaInfo", "MediaInfo", "{4647B114-B830-4388-B5E1-8E89410C9045}"
EndProject
Project("{FAE04EC0-301F-11D3-BF4B-00C04F79EFBC}") = "MediaInfoWrapper", "MediaInfo\MediaInfoWrapper\MediaInfoWrapper.csproj", "{A3AC0900-E1FF-4F1B-9D34-AC9388D1F47F}"
EndProject
Project("{FAE04EC0-301F-11D3-BF4B-00C04F79EFBC}") = "MediaParser", "MediaInfo\MediaParser\MediaParser.csproj", "{B6BDF3DA-092D-4BF5-AD0B-949C8EB3A553}"
EndProject
Project("{2150E333-8FDC-42A3-9474-1A3956D46DE8}") = ".nuget", ".nuget", "{D70B3127-CAC2-4517-95A1-ADDB53F328EF}"
	ProjectSection(SolutionItems) = preProject
		.nuget\NuGet.Config = .nuget\NuGet.Config
		.nuget\NuGet.exe = .nuget\NuGet.exe
		.nuget\NuGet.targets = .nuget\NuGet.targets
	EndProjectSection
EndProject
Global
	GlobalSection(SolutionConfigurationPlatforms) = preSolution
		Debug_With_Mediainfo|Any CPU = Debug_With_Mediainfo|Any CPU
		Debug|Any CPU = Debug|Any CPU
		Release_With_MediaInfo|Any CPU = Release_With_MediaInfo|Any CPU
		Release|Any CPU = Release|Any CPU
	EndGlobalSection
	GlobalSection(ProjectConfigurationPlatforms) = postSolution
		{371C7F0D-2EB2-4A71-9328-A74E3AF4DAF8}.Debug_With_Mediainfo|Any CPU.ActiveCfg = Debug|Any CPU
		{371C7F0D-2EB2-4A71-9328-A74E3AF4DAF8}.Debug_With_Mediainfo|Any CPU.Build.0 = Debug|Any CPU
		{371C7F0D-2EB2-4A71-9328-A74E3AF4DAF8}.Debug|Any CPU.ActiveCfg = Debug|Any CPU
		{371C7F0D-2EB2-4A71-9328-A74E3AF4DAF8}.Debug|Any CPU.Build.0 = Debug|Any CPU
		{371C7F0D-2EB2-4A71-9328-A74E3AF4DAF8}.Release_With_MediaInfo|Any CPU.ActiveCfg = Release|Any CPU
		{371C7F0D-2EB2-4A71-9328-A74E3AF4DAF8}.Release_With_MediaInfo|Any CPU.Build.0 = Release|Any CPU
		{371C7F0D-2EB2-4A71-9328-A74E3AF4DAF8}.Release|Any CPU.ActiveCfg = Release|Any CPU
		{371C7F0D-2EB2-4A71-9328-A74E3AF4DAF8}.Release|Any CPU.Build.0 = Release|Any CPU
		{07F28979-103B-4566-9581-B5BBC86724B3}.Debug_With_Mediainfo|Any CPU.ActiveCfg = Debug|Any CPU
		{07F28979-103B-4566-9581-B5BBC86724B3}.Debug_With_Mediainfo|Any CPU.Build.0 = Debug|Any CPU
		{07F28979-103B-4566-9581-B5BBC86724B3}.Debug|Any CPU.ActiveCfg = Debug|Any CPU
		{07F28979-103B-4566-9581-B5BBC86724B3}.Debug|Any CPU.Build.0 = Debug|Any CPU
		{07F28979-103B-4566-9581-B5BBC86724B3}.Release_With_MediaInfo|Any CPU.ActiveCfg = Release|Any CPU
		{07F28979-103B-4566-9581-B5BBC86724B3}.Release_With_MediaInfo|Any CPU.Build.0 = Release|Any CPU
		{07F28979-103B-4566-9581-B5BBC86724B3}.Release|Any CPU.ActiveCfg = Release|Any CPU
		{07F28979-103B-4566-9581-B5BBC86724B3}.Release|Any CPU.Build.0 = Release|Any CPU
		{C4F37680-5F81-482B-A902-27568EE9CDD3}.Debug_With_Mediainfo|Any CPU.ActiveCfg = Debug|Any CPU
		{C4F37680-5F81-482B-A902-27568EE9CDD3}.Debug_With_Mediainfo|Any CPU.Build.0 = Debug|Any CPU
		{C4F37680-5F81-482B-A902-27568EE9CDD3}.Debug|Any CPU.ActiveCfg = Debug|Any CPU
		{C4F37680-5F81-482B-A902-27568EE9CDD3}.Debug|Any CPU.Build.0 = Debug|Any CPU
		{C4F37680-5F81-482B-A902-27568EE9CDD3}.Release_With_MediaInfo|Any CPU.ActiveCfg = Release|Any CPU
		{C4F37680-5F81-482B-A902-27568EE9CDD3}.Release_With_MediaInfo|Any CPU.Build.0 = Release|Any CPU
		{C4F37680-5F81-482B-A902-27568EE9CDD3}.Release|Any CPU.ActiveCfg = Release|Any CPU
		{C4F37680-5F81-482B-A902-27568EE9CDD3}.Release|Any CPU.Build.0 = Release|Any CPU
		{14ED41CE-083D-41AA-BF59-5759BF9E459A}.Debug_With_Mediainfo|Any CPU.ActiveCfg = Debug|Any CPU
		{14ED41CE-083D-41AA-BF59-5759BF9E459A}.Debug_With_Mediainfo|Any CPU.Build.0 = Debug|Any CPU
		{14ED41CE-083D-41AA-BF59-5759BF9E459A}.Debug|Any CPU.ActiveCfg = Debug|Any CPU
		{14ED41CE-083D-41AA-BF59-5759BF9E459A}.Debug|Any CPU.Build.0 = Debug|Any CPU
		{14ED41CE-083D-41AA-BF59-5759BF9E459A}.Release_With_MediaInfo|Any CPU.ActiveCfg = Release|Any CPU
		{14ED41CE-083D-41AA-BF59-5759BF9E459A}.Release_With_MediaInfo|Any CPU.Build.0 = Release|Any CPU
		{14ED41CE-083D-41AA-BF59-5759BF9E459A}.Release|Any CPU.ActiveCfg = Release|Any CPU
		{14ED41CE-083D-41AA-BF59-5759BF9E459A}.Release|Any CPU.Build.0 = Release|Any CPU
		{43C7068D-F9C0-4A1E-8C28-94C370CC72E7}.Debug_With_Mediainfo|Any CPU.ActiveCfg = Debug|Any CPU
		{43C7068D-F9C0-4A1E-8C28-94C370CC72E7}.Debug_With_Mediainfo|Any CPU.Build.0 = Debug|Any CPU
		{43C7068D-F9C0-4A1E-8C28-94C370CC72E7}.Debug|Any CPU.ActiveCfg = Debug|Any CPU
		{43C7068D-F9C0-4A1E-8C28-94C370CC72E7}.Debug|Any CPU.Build.0 = Debug|Any CPU
		{43C7068D-F9C0-4A1E-8C28-94C370CC72E7}.Release_With_MediaInfo|Any CPU.ActiveCfg = Release|Any CPU
		{43C7068D-F9C0-4A1E-8C28-94C370CC72E7}.Release_With_MediaInfo|Any CPU.Build.0 = Release|Any CPU
		{43C7068D-F9C0-4A1E-8C28-94C370CC72E7}.Release|Any CPU.ActiveCfg = Release|Any CPU
		{43C7068D-F9C0-4A1E-8C28-94C370CC72E7}.Release|Any CPU.Build.0 = Release|Any CPU
		{1D806E58-A600-49DC-9D31-E49BE52FB371}.Debug_With_Mediainfo|Any CPU.ActiveCfg = Debug|Any CPU
		{1D806E58-A600-49DC-9D31-E49BE52FB371}.Debug_With_Mediainfo|Any CPU.Build.0 = Debug|Any CPU
		{1D806E58-A600-49DC-9D31-E49BE52FB371}.Debug|Any CPU.ActiveCfg = Debug|Any CPU
		{1D806E58-A600-49DC-9D31-E49BE52FB371}.Debug|Any CPU.Build.0 = Debug|Any CPU
		{1D806E58-A600-49DC-9D31-E49BE52FB371}.Release_With_MediaInfo|Any CPU.ActiveCfg = Release|Any CPU
		{1D806E58-A600-49DC-9D31-E49BE52FB371}.Release_With_MediaInfo|Any CPU.Build.0 = Release|Any CPU
		{1D806E58-A600-49DC-9D31-E49BE52FB371}.Release|Any CPU.ActiveCfg = Release|Any CPU
		{1D806E58-A600-49DC-9D31-E49BE52FB371}.Release|Any CPU.Build.0 = Release|Any CPU
		{D84968F2-96A7-4E7D-B2BC-62BE07CF7DC1}.Debug_With_Mediainfo|Any CPU.ActiveCfg = Debug|Any CPU
		{D84968F2-96A7-4E7D-B2BC-62BE07CF7DC1}.Debug_With_Mediainfo|Any CPU.Build.0 = Debug|Any CPU
		{D84968F2-96A7-4E7D-B2BC-62BE07CF7DC1}.Debug|Any CPU.ActiveCfg = Debug|Any CPU
		{D84968F2-96A7-4E7D-B2BC-62BE07CF7DC1}.Debug|Any CPU.Build.0 = Debug|Any CPU
		{D84968F2-96A7-4E7D-B2BC-62BE07CF7DC1}.Release_With_MediaInfo|Any CPU.ActiveCfg = Release|Any CPU
		{D84968F2-96A7-4E7D-B2BC-62BE07CF7DC1}.Release_With_MediaInfo|Any CPU.Build.0 = Release|Any CPU
		{D84968F2-96A7-4E7D-B2BC-62BE07CF7DC1}.Release|Any CPU.ActiveCfg = Release|Any CPU
		{D84968F2-96A7-4E7D-B2BC-62BE07CF7DC1}.Release|Any CPU.Build.0 = Release|Any CPU
		{7DF8CBCB-7C38-4694-A0DD-6BC7DC245BB1}.Debug_With_Mediainfo|Any CPU.ActiveCfg = Debug|Any CPU
		{7DF8CBCB-7C38-4694-A0DD-6BC7DC245BB1}.Debug_With_Mediainfo|Any CPU.Build.0 = Debug|Any CPU
		{7DF8CBCB-7C38-4694-A0DD-6BC7DC245BB1}.Debug_With_Mediainfo|Any CPU.Deploy.0 = Debug|Any CPU
		{7DF8CBCB-7C38-4694-A0DD-6BC7DC245BB1}.Debug|Any CPU.ActiveCfg = Debug|Any CPU
		{7DF8CBCB-7C38-4694-A0DD-6BC7DC245BB1}.Debug|Any CPU.Build.0 = Debug|Any CPU
		{7DF8CBCB-7C38-4694-A0DD-6BC7DC245BB1}.Release_With_MediaInfo|Any CPU.ActiveCfg = Release|Any CPU
		{7DF8CBCB-7C38-4694-A0DD-6BC7DC245BB1}.Release_With_MediaInfo|Any CPU.Build.0 = Release|Any CPU
		{7DF8CBCB-7C38-4694-A0DD-6BC7DC245BB1}.Release_With_MediaInfo|Any CPU.Deploy.0 = Release|Any CPU
		{7DF8CBCB-7C38-4694-A0DD-6BC7DC245BB1}.Release|Any CPU.ActiveCfg = Release|Any CPU
		{7DF8CBCB-7C38-4694-A0DD-6BC7DC245BB1}.Release|Any CPU.Build.0 = Release|Any CPU
		{23D9FE80-DCD8-44DE-81B4-C5DC3BE08EB9}.Debug_With_Mediainfo|Any CPU.ActiveCfg = Debug|Any CPU
		{23D9FE80-DCD8-44DE-81B4-C5DC3BE08EB9}.Debug_With_Mediainfo|Any CPU.Build.0 = Debug|Any CPU
		{23D9FE80-DCD8-44DE-81B4-C5DC3BE08EB9}.Debug_With_Mediainfo|Any CPU.Deploy.0 = Debug|Any CPU
		{23D9FE80-DCD8-44DE-81B4-C5DC3BE08EB9}.Debug|Any CPU.ActiveCfg = Debug|Any CPU
		{23D9FE80-DCD8-44DE-81B4-C5DC3BE08EB9}.Debug|Any CPU.Build.0 = Debug|Any CPU
		{23D9FE80-DCD8-44DE-81B4-C5DC3BE08EB9}.Release_With_MediaInfo|Any CPU.ActiveCfg = Release|Any CPU
		{23D9FE80-DCD8-44DE-81B4-C5DC3BE08EB9}.Release_With_MediaInfo|Any CPU.Build.0 = Release|Any CPU
		{23D9FE80-DCD8-44DE-81B4-C5DC3BE08EB9}.Release_With_MediaInfo|Any CPU.Deploy.0 = Release|Any CPU
		{23D9FE80-DCD8-44DE-81B4-C5DC3BE08EB9}.Release|Any CPU.ActiveCfg = Release|Any CPU
		{23D9FE80-DCD8-44DE-81B4-C5DC3BE08EB9}.Release|Any CPU.Build.0 = Release|Any CPU
		{D17D204B-8A88-47CA-A611-169B9D3139C1}.Debug_With_Mediainfo|Any CPU.ActiveCfg = Debug|Any CPU
		{D17D204B-8A88-47CA-A611-169B9D3139C1}.Debug_With_Mediainfo|Any CPU.Build.0 = Debug|Any CPU
		{D17D204B-8A88-47CA-A611-169B9D3139C1}.Debug|Any CPU.ActiveCfg = Debug|Any CPU
		{D17D204B-8A88-47CA-A611-169B9D3139C1}.Debug|Any CPU.Build.0 = Debug|Any CPU
		{D17D204B-8A88-47CA-A611-169B9D3139C1}.Release_With_MediaInfo|Any CPU.ActiveCfg = Release|Any CPU
		{D17D204B-8A88-47CA-A611-169B9D3139C1}.Release_With_MediaInfo|Any CPU.Build.0 = Release|Any CPU
		{D17D204B-8A88-47CA-A611-169B9D3139C1}.Release|Any CPU.ActiveCfg = Release|Any CPU
		{D17D204B-8A88-47CA-A611-169B9D3139C1}.Release|Any CPU.Build.0 = Release|Any CPU
		{A03F7363-E313-4572-A6CB-4C2A6B0A1A70}.Debug_With_Mediainfo|Any CPU.ActiveCfg = Debug|Any CPU
		{A03F7363-E313-4572-A6CB-4C2A6B0A1A70}.Debug_With_Mediainfo|Any CPU.Build.0 = Debug|Any CPU
		{A03F7363-E313-4572-A6CB-4C2A6B0A1A70}.Debug|Any CPU.ActiveCfg = Debug|Any CPU
		{A03F7363-E313-4572-A6CB-4C2A6B0A1A70}.Debug|Any CPU.Build.0 = Debug|Any CPU
		{A03F7363-E313-4572-A6CB-4C2A6B0A1A70}.Release_With_MediaInfo|Any CPU.ActiveCfg = Release|Any CPU
		{A03F7363-E313-4572-A6CB-4C2A6B0A1A70}.Release_With_MediaInfo|Any CPU.Build.0 = Release|Any CPU
		{A03F7363-E313-4572-A6CB-4C2A6B0A1A70}.Release|Any CPU.ActiveCfg = Release|Any CPU
		{A03F7363-E313-4572-A6CB-4C2A6B0A1A70}.Release|Any CPU.Build.0 = Release|Any CPU
		{B77A5521-7FEF-4D76-9CED-E84F82894A8A}.Debug_With_Mediainfo|Any CPU.ActiveCfg = Debug|Any CPU
		{B77A5521-7FEF-4D76-9CED-E84F82894A8A}.Debug_With_Mediainfo|Any CPU.Build.0 = Debug|Any CPU
		{B77A5521-7FEF-4D76-9CED-E84F82894A8A}.Debug|Any CPU.ActiveCfg = Debug|Any CPU
		{B77A5521-7FEF-4D76-9CED-E84F82894A8A}.Debug|Any CPU.Build.0 = Debug|Any CPU
		{B77A5521-7FEF-4D76-9CED-E84F82894A8A}.Release_With_MediaInfo|Any CPU.ActiveCfg = Release|Any CPU
		{B77A5521-7FEF-4D76-9CED-E84F82894A8A}.Release_With_MediaInfo|Any CPU.Build.0 = Release|Any CPU
		{B77A5521-7FEF-4D76-9CED-E84F82894A8A}.Release|Any CPU.ActiveCfg = Release|Any CPU
		{B77A5521-7FEF-4D76-9CED-E84F82894A8A}.Release|Any CPU.Build.0 = Release|Any CPU
		{F8E31AEB-879D-4FE7-B9C8-9FEB2DFD8C54}.Debug_With_Mediainfo|Any CPU.ActiveCfg = Debug|Any CPU
		{F8E31AEB-879D-4FE7-B9C8-9FEB2DFD8C54}.Debug_With_Mediainfo|Any CPU.Build.0 = Debug|Any CPU
		{F8E31AEB-879D-4FE7-B9C8-9FEB2DFD8C54}.Debug|Any CPU.ActiveCfg = Debug|Any CPU
		{F8E31AEB-879D-4FE7-B9C8-9FEB2DFD8C54}.Debug|Any CPU.Build.0 = Debug|Any CPU
		{F8E31AEB-879D-4FE7-B9C8-9FEB2DFD8C54}.Release_With_MediaInfo|Any CPU.ActiveCfg = Release|Any CPU
		{F8E31AEB-879D-4FE7-B9C8-9FEB2DFD8C54}.Release_With_MediaInfo|Any CPU.Build.0 = Release|Any CPU
		{F8E31AEB-879D-4FE7-B9C8-9FEB2DFD8C54}.Release|Any CPU.ActiveCfg = Release|Any CPU
		{F8E31AEB-879D-4FE7-B9C8-9FEB2DFD8C54}.Release|Any CPU.Build.0 = Release|Any CPU
		{650F5489-269A-423F-AAFB-EBA2F3051709}.Debug_With_Mediainfo|Any CPU.ActiveCfg = Debug|Any CPU
		{650F5489-269A-423F-AAFB-EBA2F3051709}.Debug_With_Mediainfo|Any CPU.Build.0 = Debug|Any CPU
		{650F5489-269A-423F-AAFB-EBA2F3051709}.Debug|Any CPU.ActiveCfg = Debug|Any CPU
		{650F5489-269A-423F-AAFB-EBA2F3051709}.Debug|Any CPU.Build.0 = Debug|Any CPU
		{650F5489-269A-423F-AAFB-EBA2F3051709}.Release_With_MediaInfo|Any CPU.ActiveCfg = Release|Any CPU
		{650F5489-269A-423F-AAFB-EBA2F3051709}.Release_With_MediaInfo|Any CPU.Build.0 = Release|Any CPU
		{650F5489-269A-423F-AAFB-EBA2F3051709}.Release|Any CPU.ActiveCfg = Release|Any CPU
		{650F5489-269A-423F-AAFB-EBA2F3051709}.Release|Any CPU.Build.0 = Release|Any CPU
		{34261ADF-653F-4C4C-A024-9FFC5A63B573}.Debug_With_Mediainfo|Any CPU.ActiveCfg = Debug|Any CPU
		{34261ADF-653F-4C4C-A024-9FFC5A63B573}.Debug_With_Mediainfo|Any CPU.Build.0 = Debug|Any CPU
		{34261ADF-653F-4C4C-A024-9FFC5A63B573}.Debug|Any CPU.ActiveCfg = Debug|Any CPU
		{34261ADF-653F-4C4C-A024-9FFC5A63B573}.Debug|Any CPU.Build.0 = Debug|Any CPU
		{34261ADF-653F-4C4C-A024-9FFC5A63B573}.Release_With_MediaInfo|Any CPU.ActiveCfg = Release|Any CPU
		{34261ADF-653F-4C4C-A024-9FFC5A63B573}.Release_With_MediaInfo|Any CPU.Build.0 = Release|Any CPU
		{34261ADF-653F-4C4C-A024-9FFC5A63B573}.Release|Any CPU.ActiveCfg = Release|Any CPU
		{34261ADF-653F-4C4C-A024-9FFC5A63B573}.Release|Any CPU.Build.0 = Release|Any CPU
		{DDF826D3-EF49-4553-AE0D-C0F3E67FB812}.Debug_With_Mediainfo|Any CPU.ActiveCfg = Debug|Any CPU
		{DDF826D3-EF49-4553-AE0D-C0F3E67FB812}.Debug_With_Mediainfo|Any CPU.Build.0 = Debug|Any CPU
		{DDF826D3-EF49-4553-AE0D-C0F3E67FB812}.Debug|Any CPU.ActiveCfg = Debug|Any CPU
		{DDF826D3-EF49-4553-AE0D-C0F3E67FB812}.Debug|Any CPU.Build.0 = Debug|Any CPU
		{DDF826D3-EF49-4553-AE0D-C0F3E67FB812}.Release_With_MediaInfo|Any CPU.ActiveCfg = Release|Any CPU
		{DDF826D3-EF49-4553-AE0D-C0F3E67FB812}.Release_With_MediaInfo|Any CPU.Build.0 = Release|Any CPU
		{DDF826D3-EF49-4553-AE0D-C0F3E67FB812}.Release|Any CPU.ActiveCfg = Release|Any CPU
		{DDF826D3-EF49-4553-AE0D-C0F3E67FB812}.Release|Any CPU.Build.0 = Release|Any CPU
		{95CCE7B9-8A7D-4668-B243-7A48B3013D8C}.Debug_With_Mediainfo|Any CPU.ActiveCfg = Debug|Any CPU
		{95CCE7B9-8A7D-4668-B243-7A48B3013D8C}.Debug_With_Mediainfo|Any CPU.Build.0 = Debug|Any CPU
		{95CCE7B9-8A7D-4668-B243-7A48B3013D8C}.Debug|Any CPU.ActiveCfg = Debug|Any CPU
		{95CCE7B9-8A7D-4668-B243-7A48B3013D8C}.Debug|Any CPU.Build.0 = Debug|Any CPU
		{95CCE7B9-8A7D-4668-B243-7A48B3013D8C}.Release_With_MediaInfo|Any CPU.ActiveCfg = Release|Any CPU
		{95CCE7B9-8A7D-4668-B243-7A48B3013D8C}.Release_With_MediaInfo|Any CPU.Build.0 = Release|Any CPU
		{95CCE7B9-8A7D-4668-B243-7A48B3013D8C}.Release|Any CPU.ActiveCfg = Release|Any CPU
		{95CCE7B9-8A7D-4668-B243-7A48B3013D8C}.Release|Any CPU.Build.0 = Release|Any CPU
		{6003BD52-430E-473B-824C-DFC4F9D3D0FD}.Debug_With_Mediainfo|Any CPU.ActiveCfg = Debug|Any CPU
		{6003BD52-430E-473B-824C-DFC4F9D3D0FD}.Debug_With_Mediainfo|Any CPU.Build.0 = Debug|Any CPU
		{6003BD52-430E-473B-824C-DFC4F9D3D0FD}.Debug|Any CPU.ActiveCfg = Debug|Any CPU
		{6003BD52-430E-473B-824C-DFC4F9D3D0FD}.Debug|Any CPU.Build.0 = Debug|Any CPU
		{6003BD52-430E-473B-824C-DFC4F9D3D0FD}.Release_With_MediaInfo|Any CPU.ActiveCfg = Release|Any CPU
		{6003BD52-430E-473B-824C-DFC4F9D3D0FD}.Release_With_MediaInfo|Any CPU.Build.0 = Release|Any CPU
		{6003BD52-430E-473B-824C-DFC4F9D3D0FD}.Release|Any CPU.ActiveCfg = Release|Any CPU
		{6003BD52-430E-473B-824C-DFC4F9D3D0FD}.Release|Any CPU.Build.0 = Release|Any CPU
		{32209FFE-D050-41F0-BB3C-3A5BB56D341F}.Debug_With_Mediainfo|Any CPU.ActiveCfg = Debug|Any CPU
		{32209FFE-D050-41F0-BB3C-3A5BB56D341F}.Debug_With_Mediainfo|Any CPU.Build.0 = Debug|Any CPU
		{32209FFE-D050-41F0-BB3C-3A5BB56D341F}.Debug|Any CPU.ActiveCfg = Debug|Any CPU
		{32209FFE-D050-41F0-BB3C-3A5BB56D341F}.Debug|Any CPU.Build.0 = Debug|Any CPU
		{32209FFE-D050-41F0-BB3C-3A5BB56D341F}.Release_With_MediaInfo|Any CPU.ActiveCfg = Release|Any CPU
		{32209FFE-D050-41F0-BB3C-3A5BB56D341F}.Release_With_MediaInfo|Any CPU.Build.0 = Release|Any CPU
		{32209FFE-D050-41F0-BB3C-3A5BB56D341F}.Release|Any CPU.ActiveCfg = Release|Any CPU
		{32209FFE-D050-41F0-BB3C-3A5BB56D341F}.Release|Any CPU.Build.0 = Release|Any CPU
		{F62AB602-1C5D-4B9B-8EAB-5E689F00507F}.Debug_With_Mediainfo|Any CPU.ActiveCfg = Debug|Any CPU
		{F62AB602-1C5D-4B9B-8EAB-5E689F00507F}.Debug_With_Mediainfo|Any CPU.Build.0 = Debug|Any CPU
		{F62AB602-1C5D-4B9B-8EAB-5E689F00507F}.Debug|Any CPU.ActiveCfg = Debug|Any CPU
		{F62AB602-1C5D-4B9B-8EAB-5E689F00507F}.Debug|Any CPU.Build.0 = Debug|Any CPU
		{F62AB602-1C5D-4B9B-8EAB-5E689F00507F}.Release_With_MediaInfo|Any CPU.ActiveCfg = Release|Any CPU
		{F62AB602-1C5D-4B9B-8EAB-5E689F00507F}.Release_With_MediaInfo|Any CPU.Build.0 = Release|Any CPU
		{F62AB602-1C5D-4B9B-8EAB-5E689F00507F}.Release|Any CPU.ActiveCfg = Release|Any CPU
		{F62AB602-1C5D-4B9B-8EAB-5E689F00507F}.Release|Any CPU.Build.0 = Release|Any CPU
		{85CDE1B1-3601-4FE8-BCF0-BB3F5037C385}.Debug_With_Mediainfo|Any CPU.ActiveCfg = Debug|Any CPU
		{85CDE1B1-3601-4FE8-BCF0-BB3F5037C385}.Debug_With_Mediainfo|Any CPU.Build.0 = Debug|Any CPU
		{85CDE1B1-3601-4FE8-BCF0-BB3F5037C385}.Debug|Any CPU.ActiveCfg = Debug|Any CPU
		{85CDE1B1-3601-4FE8-BCF0-BB3F5037C385}.Debug|Any CPU.Build.0 = Debug|Any CPU
		{85CDE1B1-3601-4FE8-BCF0-BB3F5037C385}.Release_With_MediaInfo|Any CPU.ActiveCfg = Release|Any CPU
		{85CDE1B1-3601-4FE8-BCF0-BB3F5037C385}.Release_With_MediaInfo|Any CPU.Build.0 = Release|Any CPU
		{85CDE1B1-3601-4FE8-BCF0-BB3F5037C385}.Release|Any CPU.ActiveCfg = Release|Any CPU
		{85CDE1B1-3601-4FE8-BCF0-BB3F5037C385}.Release|Any CPU.Build.0 = Release|Any CPU
		{A3AC0900-E1FF-4F1B-9D34-AC9388D1F47F}.Debug_With_Mediainfo|Any CPU.ActiveCfg = Debug|Any CPU
		{A3AC0900-E1FF-4F1B-9D34-AC9388D1F47F}.Debug_With_Mediainfo|Any CPU.Build.0 = Debug|Any CPU
		{A3AC0900-E1FF-4F1B-9D34-AC9388D1F47F}.Debug|Any CPU.ActiveCfg = Debug|Any CPU
		{A3AC0900-E1FF-4F1B-9D34-AC9388D1F47F}.Debug|Any CPU.Build.0 = Debug|Any CPU
		{A3AC0900-E1FF-4F1B-9D34-AC9388D1F47F}.Release_With_MediaInfo|Any CPU.ActiveCfg = Release|Any CPU
		{A3AC0900-E1FF-4F1B-9D34-AC9388D1F47F}.Release_With_MediaInfo|Any CPU.Build.0 = Release|Any CPU
		{A3AC0900-E1FF-4F1B-9D34-AC9388D1F47F}.Release|Any CPU.ActiveCfg = Release|Any CPU
		{A3AC0900-E1FF-4F1B-9D34-AC9388D1F47F}.Release|Any CPU.Build.0 = Release|Any CPU
		{B6BDF3DA-092D-4BF5-AD0B-949C8EB3A553}.Debug_With_Mediainfo|Any CPU.ActiveCfg = Debug_With_Mediainfo|Any CPU
		{B6BDF3DA-092D-4BF5-AD0B-949C8EB3A553}.Debug_With_Mediainfo|Any CPU.Build.0 = Debug_With_Mediainfo|Any CPU
		{B6BDF3DA-092D-4BF5-AD0B-949C8EB3A553}.Debug|Any CPU.ActiveCfg = Debug|Any CPU
		{B6BDF3DA-092D-4BF5-AD0B-949C8EB3A553}.Debug|Any CPU.Build.0 = Debug|Any CPU
		{B6BDF3DA-092D-4BF5-AD0B-949C8EB3A553}.Release_With_MediaInfo|Any CPU.ActiveCfg = Release_With_MediaInfo|Any CPU
		{B6BDF3DA-092D-4BF5-AD0B-949C8EB3A553}.Release_With_MediaInfo|Any CPU.Build.0 = Release_With_MediaInfo|Any CPU
		{B6BDF3DA-092D-4BF5-AD0B-949C8EB3A553}.Release|Any CPU.ActiveCfg = Release|Any CPU
		{B6BDF3DA-092D-4BF5-AD0B-949C8EB3A553}.Release|Any CPU.Build.0 = Release|Any CPU
	EndGlobalSection
	GlobalSection(SolutionProperties) = preSolution
		HideSolutionNode = FALSE
	EndGlobalSection
	GlobalSection(NestedProjects) = preSolution
		{371C7F0D-2EB2-4A71-9328-A74E3AF4DAF8} = {7F04E283-0C43-4342-9751-C7ED1078DDD2}
		{07F28979-103B-4566-9581-B5BBC86724B3} = {7F04E283-0C43-4342-9751-C7ED1078DDD2}
		{C4F37680-5F81-482B-A902-27568EE9CDD3} = {0FB840C7-6B40-428C-B510-E0A71A1A2A77}
		{14ED41CE-083D-41AA-BF59-5759BF9E459A} = {0FB840C7-6B40-428C-B510-E0A71A1A2A77}
		{43C7068D-F9C0-4A1E-8C28-94C370CC72E7} = {7F04E283-0C43-4342-9751-C7ED1078DDD2}
		{1D806E58-A600-49DC-9D31-E49BE52FB371} = {69F3FC4F-33EF-41B8-8DD4-544028A2C137}
		{D84968F2-96A7-4E7D-B2BC-62BE07CF7DC1} = {69F3FC4F-33EF-41B8-8DD4-544028A2C137}
		{7DF8CBCB-7C38-4694-A0DD-6BC7DC245BB1} = {863269B3-11C7-4B52-988E-D28CFCEA089A}
		{23D9FE80-DCD8-44DE-81B4-C5DC3BE08EB9} = {863269B3-11C7-4B52-988E-D28CFCEA089A}
		{D17D204B-8A88-47CA-A611-169B9D3139C1} = {0FB840C7-6B40-428C-B510-E0A71A1A2A77}
		{A03F7363-E313-4572-A6CB-4C2A6B0A1A70} = {0FB840C7-6B40-428C-B510-E0A71A1A2A77}
		{B77A5521-7FEF-4D76-9CED-E84F82894A8A} = {0FB840C7-6B40-428C-B510-E0A71A1A2A77}
		{F8E31AEB-879D-4FE7-B9C8-9FEB2DFD8C54} = {0FB840C7-6B40-428C-B510-E0A71A1A2A77}
		{650F5489-269A-423F-AAFB-EBA2F3051709} = {863269B3-11C7-4B52-988E-D28CFCEA089A}
		{34261ADF-653F-4C4C-A024-9FFC5A63B573} = {7F04E283-0C43-4342-9751-C7ED1078DDD2}
		{DDF826D3-EF49-4553-AE0D-C0F3E67FB812} = {863269B3-11C7-4B52-988E-D28CFCEA089A}
		{95CCE7B9-8A7D-4668-B243-7A48B3013D8C} = {863269B3-11C7-4B52-988E-D28CFCEA089A}
		{6003BD52-430E-473B-824C-DFC4F9D3D0FD} = {863269B3-11C7-4B52-988E-D28CFCEA089A}
		{32209FFE-D050-41F0-BB3C-3A5BB56D341F} = {7F04E283-0C43-4342-9751-C7ED1078DDD2}
		{F62AB602-1C5D-4B9B-8EAB-5E689F00507F} = {7F04E283-0C43-4342-9751-C7ED1078DDD2}
		{85CDE1B1-3601-4FE8-BCF0-BB3F5037C385} = {7F04E283-0C43-4342-9751-C7ED1078DDD2}
		{A3AC0900-E1FF-4F1B-9D34-AC9388D1F47F} = {4647B114-B830-4388-B5E1-8E89410C9045}
		{B6BDF3DA-092D-4BF5-AD0B-949C8EB3A553} = {4647B114-B830-4388-B5E1-8E89410C9045}
	EndGlobalSection
	GlobalSection(ExtensibilityGlobals) = postSolution
		EnterpriseLibraryConfigurationToolBinariesPathV6 = packages\EnterpriseLibrary.Common.6.0.1304.0\lib\NET45;packages\EnterpriseLibrary.Logging.6.0.1304.0\lib\NET45
	EndGlobalSection
EndGlobal
